
Microsoft Visual Studio Solution File, Format Version 12.00
# Visual Studio Version 17
VisualStudioVersion = 17.13.35825.156 d17.13
MinimumVisualStudioVersion = 10.0.40219.1
Project("{FAE04EC0-301F-11D3-BF4B-00C04F79EFBC}") = "JournalAppService", "JournalAppService\JournalAppService.csproj", "{C221FF8B-3DDB-48CA-9FC5-7CD1F635050E}"
EndProject
Global
	GlobalSection(SolutionConfigurationPlatforms) = preSolution
		Debug|Any CPU = Debug|Any CPU
		Release|Any CPU = Release|Any CPU
	EndGlobalSection
	GlobalSection(ProjectConfigurationPlatforms) = postSolution
		{C221FF8B-3DDB-48CA-9FC5-7CD1F635050E}.Debug|Any CPU.ActiveCfg = Debug|Any CPU
		{C221FF8B-3DDB-48CA-9FC5-7CD1F635050E}.Debug|Any CPU.Build.0 = Debug|Any CPU
		{C221FF8B-3DDB-48CA-9FC5-7CD1F635050E}.Release|Any CPU.ActiveCfg = Release|Any CPU
		{C221FF8B-3DDB-48CA-9FC5-7CD1F635050E}.Release|Any CPU.Build.0 = Release|Any CPU
	EndGlobalSection
	GlobalSection(SolutionProperties) = preSolution
		HideSolutionNode = FALSE
	EndGlobalSection
	GlobalSection(ExtensibilityGlobals) = postSolution
		SolutionGuid = {6F89248F-3A55-4BB9-8784-0278F6C6BCDD}
	EndGlobalSection
EndGlobal
